
Microsoft Visual Studio Solution File, Format Version 12.00
# Visual Studio Version 17
VisualStudioVersion = 17.3.32825.248
MinimumVisualStudioVersion = 10.0.40219.1
Project("{2150E333-8FDC-42A3-9474-1A3956D46DE8}") = "Solution Items", "Solution Items", "{48E6A643-9F19-4221-8804-598CDDA3C01F}"
	ProjectSection(SolutionItems) = preProject
		.editorconfig = .editorconfig
		Directory.Build.props = Directory.Build.props
		LICENSE = LICENSE
		README.md = README.md
		tSQLt.2019.dacpac = tSQLt.2019.dacpac
	EndProjectSection
EndProject
Project("{00D1A9C2-B5F0-4AF3-8072-F6C62B433612}") = "Magic.Switch.Board", "Magic.Switch.Board\Magic.Switch.Board.sqlproj", "{3D117666-2F59-42C0-BAE3-4C150CF9667C}"
EndProject
Project("{FAE04EC0-301F-11D3-BF4B-00C04F79EFBC}") = "Magic.Switch.Board.Tests", "Magic.Switch.Board.Tests\Magic.Switch.Board.Tests.csproj", "{684BE804-8965-43D2-B9B2-1A3204C479D7}"
EndProject
Project("{00D1A9C2-B5F0-4AF3-8072-F6C62B433612}") = "Magic.Switch.Board.tSQLt", "Magic.Switch.Board.tSQLt\Magic.Switch.Board.tSQLt.sqlproj", "{2E554F1F-7F6C-4084-9F9A-C7CE56C9B949}"
EndProject
Global
	GlobalSection(SolutionConfigurationPlatforms) = preSolution
		Debug|Any CPU = Debug|Any CPU
		Release|Any CPU = Release|Any CPU
	EndGlobalSection
	GlobalSection(ProjectConfigurationPlatforms) = postSolution
		{3D117666-2F59-42C0-BAE3-4C150CF9667C}.Debug|Any CPU.ActiveCfg = Debug|Any CPU
		{3D117666-2F59-42C0-BAE3-4C150CF9667C}.Debug|Any CPU.Build.0 = Debug|Any CPU
		{3D117666-2F59-42C0-BAE3-4C150CF9667C}.Debug|Any CPU.Deploy.0 = Debug|Any CPU
		{3D117666-2F59-42C0-BAE3-4C150CF9667C}.Release|Any CPU.ActiveCfg = Release|Any CPU
		{3D117666-2F59-42C0-BAE3-4C150CF9667C}.Release|Any CPU.Build.0 = Release|Any CPU
		{3D117666-2F59-42C0-BAE3-4C150CF9667C}.Release|Any CPU.Deploy.0 = Release|Any CPU
		{684BE804-8965-43D2-B9B2-1A3204C479D7}.Debug|Any CPU.ActiveCfg = Debug|Any CPU
		{684BE804-8965-43D2-B9B2-1A3204C479D7}.Debug|Any CPU.Build.0 = Debug|Any CPU
		{684BE804-8965-43D2-B9B2-1A3204C479D7}.Release|Any CPU.ActiveCfg = Release|Any CPU
		{684BE804-8965-43D2-B9B2-1A3204C479D7}.Release|Any CPU.Build.0 = Release|Any CPU
		{2E554F1F-7F6C-4084-9F9A-C7CE56C9B949}.Debug|Any CPU.ActiveCfg = Debug|Any CPU
		{2E554F1F-7F6C-4084-9F9A-C7CE56C9B949}.Debug|Any CPU.Build.0 = Debug|Any CPU
		{2E554F1F-7F6C-4084-9F9A-C7CE56C9B949}.Debug|Any CPU.Deploy.0 = Debug|Any CPU
		{2E554F1F-7F6C-4084-9F9A-C7CE56C9B949}.Release|Any CPU.ActiveCfg = Release|Any CPU
		{2E554F1F-7F6C-4084-9F9A-C7CE56C9B949}.Release|Any CPU.Build.0 = Release|Any CPU
		{2E554F1F-7F6C-4084-9F9A-C7CE56C9B949}.Release|Any CPU.Deploy.0 = Release|Any CPU
	EndGlobalSection
	GlobalSection(SolutionProperties) = preSolution
		HideSolutionNode = FALSE
	EndGlobalSection
	GlobalSection(ExtensibilityGlobals) = postSolution
		SolutionGuid = {22E46A88-CC1C-4F86-8CDD-76D0C5D91CBF}
	EndGlobalSection
EndGlobal
